PODS:
  - Alamofire (4.3.0)
  - Crashlytics (3.8.3):
    - Fabric (~> 1.6.3)
  - Fabric (1.6.11)
  - FLAnimatedImage (1.0.12)
  - JSQMessagesViewController (7.3.4):
    - JSQSystemSoundPlayer (~> 2.0.1)
  - JSQSystemSoundPlayer (2.0.1)
  - MBProgressHUD (1.0.0)
  - ObjectMapper (2.2.2)
  - SnapKit (3.1.2)
  - SwiftWebSocket (2.6.5)

DEPENDENCIES:
  - Alamofire
  - Crashlytics
  - Fabric
  - FLAnimatedImage (from `https://github.com/wireapp/FLAnimatedImage.git`)
  - JSQMessagesViewController (~> 7.3)
  - MBProgressHUD (~> 1.0.0)
  - ObjectMapper
  - SnapKit (~> 3.1.2)
  - SwiftWebSocket

EXTERNAL SOURCES:
  FLAnimatedImage:
    :git: https://github.com/wireapp/FLAnimatedImage.git

CHECKOUT OPTIONS:
  FLAnimatedImage:
    :commit: 2710cb8a55be914b9adeea1f3e76ea668970eda2
    :git: https://github.com/wireapp/FLAnimatedImage.git

SPEC CHECKSUMS:
  Alamofire: 856a113053a7bc9cbe5d6367a555d773fc5cfef7
  Crashlytics: 2b6dbe138a42395577cfa73dfa1aa7248cadf39e
  Fabric: 5911403591946b8228ab1c51d98f1d7137e863c6
  FLAnimatedImage: 4a0b56255d9b05f18b6dd7ee06871be5d3b89e31
  JSQMessagesViewController: 39fed975e3c9f8eba7292071e29eeb541d105e66
  JSQSystemSoundPlayer: c5850e77a4363ffd374cd851154b9af93264ed8d
  MBProgressHUD: 4890f671c94e8a0f3cf959aa731e9de2f036d71a
  ObjectMapper: 9e385c2295bcc4e16eabbcfc85db801442bba545
  SnapKit: 12b24f569cb7c143acc9c22b9d91b23e7b1c84a2
  SwiftWebSocket: 1ef8a0efb023544643bdf480c1ec4a62b204f293

PODFILE CHECKSUM: 5cf2dd7409f342104003fb5c8379516eace6c912

COCOAPODS: 1.1.1
